// !$*UTF8*$!
{
	archiveVersion = 1;
	classes = {
	};
	objectVersion = 55;
	objects = {

/* Begin PBXBuildFile section */
		7BE7CD26F099CDE919DC4F2A /* Pods_Flix_Assignment1.framework in Frameworks */ = {isa = PBXBuildFile; fileRef = 3F4765A2763452D2D64DFCD6 /* Pods_Flix_Assignment1.framework */; };
		811A2A7C7732A919A60C9696 /* Pods_Flix_Assignment1_Flix_Assignment1UITests.framework in Frameworks */ = {isa = PBXBuildFile; fileRef = 038F7554DD844824A7324072 /* Pods_Flix_Assignment1_Flix_Assignment1UITests.framework */; };
		A212706827C8D07800CBB3F2 /* AppDelegate.swift in Sources */ = {isa = PBXBuildFile; fileRef = A212706727C8D07800CBB3F2 /* AppDelegate.swift */; };
		A212706A27C8D07800CBB3F2 /* SceneDelegate.swift in Sources */ = {isa = PBXBuildFile; fileRef = A212706927C8D07800CBB3F2 /* SceneDelegate.swift */; };
		A212706C27C8D07800CBB3F2 /* ViewController.swift in Sources */ = {isa = PBXBuildFile; fileRef = A212706B27C8D07800CBB3F2 /* ViewController.swift */; };
		A212706F27C8D07800CBB3F2 /* Main.storyboard in Resources */ = {isa = PBXBuildFile; fileRef = A212706D27C8D07800CBB3F2 /* Main.storyboard */; };
		A212707127C8D07B00CBB3F2 /* Assets.xcassets in Resources */ = {isa = PBXBuildFile; fileRef = A212707027C8D07B00CBB3F2 /* Assets.xcassets */; };
		A212707427C8D07B00CBB3F2 /* LaunchScreen.storyboard in Resources */ = {isa = PBXBuildFile; fileRef = A212707227C8D07B00CBB3F2 /* LaunchScreen.storyboard */; };
		A212707F27C8D07B00CBB3F2 /* Flix_Assignment1Tests.swift in Sources */ = {isa = PBXBuildFile; fileRef = A212707E27C8D07B00CBB3F2 /* Flix_Assignment1Tests.swift */; };
		A212708927C8D07B00CBB3F2 /* Flix_Assignment1UITests.swift in Sources */ = {isa = PBXBuildFile; fileRef = A212708827C8D07B00CBB3F2 /* Flix_Assignment1UITests.swift */; };
		A212708B27C8D07B00CBB3F2 /* Flix_Assignment1UITestsLaunchTests.swift in Sources */ = {isa = PBXBuildFile; fileRef = A212708A27C8D07B00CBB3F2 /* Flix_Assignment1UITestsLaunchTests.swift */; };
		A24B02C027C9927200D66A44 /* MoviesViewController.swift in Sources */ = {isa = PBXBuildFile; fileRef = A24B02BF27C9927200D66A44 /* MoviesViewController.swift */; };
		A24B02C227C99AC000D66A44 /* MovieCell.swift in Sources */ = {isa = PBXBuildFile; fileRef = A24B02C127C99ABF00D66A44 /* MovieCell.swift */; };
		D9E82B8AE40E7711C4E45875 /* Pods_Flix_Assignment1Tests.framework in Frameworks */ = {isa = PBXBuildFile; fileRef = 452E05796BC41AEA162195EA /* Pods_Flix_Assignment1Tests.framework */; };
/* End PBXBuildFile section */

/* Begin PBXContainerItemProxy section */
		A212707B27C8D07B00CBB3F2 /* PBXContainerItemProxy */ = {
			isa = PBXContainerItemProxy;
			containerPortal = A212705C27C8D07800CBB3F2 /* Project object */;
			proxyType = 1;
			remoteGlobalIDString = A212706327C8D07800CBB3F2;
			remoteInfo = "Flix-Assignment1";
		};
		A212708527C8D07B00CBB3F2 /* PBXContainerItemProxy */ = {
			isa = PBXContainerItemProxy;
			containerPortal = A212705C27C8D07800CBB3F2 /* Project object */;
			proxyType = 1;
			remoteGlobalIDString = A212706327C8D07800CBB3F2;
			remoteInfo = "Flix-Assignment1";
		};
/* End PBXContainerItemProxy section */

/* Begin PBXFileReference section */
		033FB30F2BE6569EF519ED56 /* Pods-Flix-Assignment1.debug.xcconfig */ = {isa = PBXFileReference; includeInIndex = 1; lastKnownFileType = text.xcconfig; name = "Pods-Flix-Assignment1.debug.xcconfig"; path = "Target Support Files/Pods-Flix-Assignment1/Pods-Flix-Assignment1.debug.xcconfig"; sourceTree = "<group>"; };
		038F7554DD844824A7324072 /* Pods_Flix_Assignment1_Flix_Assignment1UITests.framework */ = {isa = PBXFileReference; explicitFileType = wrapper.framework; includeInIndex = 0; path = Pods_Flix_Assignment1_Flix_Assignment1UITests.framework; sourceTree = BUILT_PRODUCTS_DIR; };
		3F4765A2763452D2D64DFCD6 /* Pods_Flix_Assignment1.framework */ = {isa = PBXFileReference; explicitFileType = wrapper.framework; includeInIndex = 0; path = Pods_Flix_Assignment1.framework; sourceTree = BUILT_PRODUCTS_DIR; };
		452E05796BC41AEA162195EA /* Pods_Flix_Assignment1Tests.framework */ = {isa = PBXFileReference; explicitFileType = wrapper.framework; includeInIndex = 0; path = Pods_Flix_Assignment1Tests.framework; sourceTree = BUILT_PRODUCTS_DIR; };
		4C887307BA3B0B880C28EAFB /* Pods-Flix-Assignment1Tests.debug.xcconfig */ = {isa = PBXFileReference; includeInIndex = 1; lastKnownFileType = text.xcconfig; name = "Pods-Flix-Assignment1Tests.debug.xcconfig"; path = "Target Support Files/Pods-Flix-Assignment1Tests/Pods-Flix-Assignment1Tests.debug.xcconfig"; sourceTree = "<group>"; };
		A212706427C8D07800CBB3F2 /* Flix-Assignment1.app */ = {isa = PBXFileReference; explicitFileType = wrapper.application; includeInIndex = 0; path = "Flix-Assignment1.app"; sourceTree = BUILT_PRODUCTS_DIR; };
		A212706727C8D07800CBB3F2 /* AppDelegate.swift */ = {isa = PBXFileReference; lastKnownFileType = sourcecode.swift; path = AppDelegate.swift; sourceTree = "<group>"; };
		A212706927C8D07800CBB3F2 /* SceneDelegate.swift */ = {isa = PBXFileReference; lastKnownFileType = sourcecode.swift; path = SceneDelegate.swift; sourceTree = "<group>"; };
		A212706B27C8D07800CBB3F2 /* ViewController.swift */ = {isa = PBXFileReference; lastKnownFileType = sourcecode.swift; path = ViewController.swift; sourceTree = "<group>"; };
		A212706E27C8D07800CBB3F2 /* Base */ = {isa = PBXFileReference; lastKnownFileType = file.storyboard; name = Base; path = Base.lproj/Main.storyboard; sourceTree = "<group>"; };
		A212707027C8D07B00CBB3F2 /* Assets.xcassets */ = {isa = PBXFileReference; lastKnownFileType = folder.assetcatalog; path = Assets.xcassets; sourceTree = "<group>"; };
		A212707327C8D07B00CBB3F2 /* Base */ = {isa = PBXFileReference; lastKnownFileType = file.storyboard; name = Base; path = Base.lproj/LaunchScreen.storyboard; sourceTree = "<group>"; };
		A212707527C8D07B00CBB3F2 /* Info.plist */ = {isa = PBXFileReference; lastKnownFileType = text.plist.xml; path = Info.plist; sourceTree = "<group>"; };
		A212707A27C8D07B00CBB3F2 /* Flix-Assignment1Tests.xctest */ = {isa = PBXFileReference; explicitFileType = wrapper.cfbundle; includeInIndex = 0; path = "Flix-Assignment1Tests.xctest"; sourceTree = BUILT_PRODUCTS_DIR; };
		A212707E27C8D07B00CBB3F2 /* Flix_Assignment1Tests.swift */ = {isa = PBXFileReference; lastKnownFileType = sourcecode.swift; path = Flix_Assignment1Tests.swift; sourceTree = "<group>"; };
		A212708427C8D07B00CBB3F2 /* Flix-Assignment1UITests.xctest */ = {isa = PBXFileReference; explicitFileType = wrapper.cfbundle; includeInIndex = 0; path = "Flix-Assignment1UITests.xctest"; sourceTree = BUILT_PRODUCTS_DIR; };
		A212708827C8D07B00CBB3F2 /* Flix_Assignment1UITests.swift */ = {isa = PBXFileReference; lastKnownFileType = sourcecode.swift; path = Flix_Assignment1UITests.swift; sourceTree = "<group>"; };
		A212708A27C8D07B00CBB3F2 /* Flix_Assignment1UITestsLaunchTests.swift */ = {isa = PBXFileReference; lastKnownFileType = sourcecode.swift; path = Flix_Assignment1UITestsLaunchTests.swift; sourceTree = "<group>"; };
		A24B02BF27C9927200D66A44 /* MoviesViewController.swift */ = {isa = PBXFileReference; lastKnownFileType = sourcecode.swift; path = MoviesViewController.swift; sourceTree = "<group>"; };
		A24B02C127C99ABF00D66A44 /* MovieCell.swift */ = {isa = PBXFileReference; lastKnownFileType = sourcecode.swift; path = MovieCell.swift; sourceTree = "<group>"; };
		A4686918AD3BB74EC6AE0C3D /* Pods-Flix-Assignment1-Flix-Assignment1UITests.debug.xcconfig */ = {isa = PBXFileReference; includeInIndex = 1; lastKnownFileType = text.xcconfig; name = "Pods-Flix-Assignment1-Flix-Assignment1UITests.debug.xcconfig"; path = "Target Support Files/Pods-Flix-Assignment1-Flix-Assignment1UITests/Pods-Flix-Assignment1-Flix-Assignment1UITests.debug.xcconfig"; sourceTree = "<group>"; };
		BA18C49EB9FDEDAED27F1C45 /* Pods-Flix-Assignment1.release.xcconfig */ = {isa = PBXFileReference; includeInIndex = 1; lastKnownFileType = text.xcconfig; name = "Pods-Flix-Assignment1.release.xcconfig"; path = "Target Support Files/Pods-Flix-Assignment1/Pods-Flix-Assignment1.release.xcconfig"; sourceTree = "<group>"; };
		BD0CCA39E1093710085B839A /* Pods-Flix-Assignment1Tests.release.xcconfig */ = {isa = PBXFileReference; includeInIndex = 1; lastKnownFileType = text.xcconfig; name = "Pods-Flix-Assignment1Tests.release.xcconfig"; path = "Target Support Files/Pods-Flix-Assignment1Tests/Pods-Flix-Assignment1Tests.release.xcconfig"; sourceTree = "<group>"; };
		E27B40CBB32B9050910AF250 /* Pods-Flix-Assignment1-Flix-Assignment1UITests.release.xcconfig */ = {isa = PBXFileReference; includeInIndex = 1; lastKnownFileType = text.xcconfig; name = "Pods-Flix-Assignment1-Flix-Assignment1UITests.release.xcconfig"; path = "Target Support Files/Pods-Flix-Assignment1-Flix-Assignment1UITests/Pods-Flix-Assignment1-Flix-Assignment1UITests.release.xcconfig"; sourceTree = "<group>"; };
/* End PBXFileReference section */

/* Begin PBXFrameworksBuildPhase section */
		A212706127C8D07800CBB3F2 /* Frameworks */ = {
			isa = PBXFrameworksBuildPhase;
			buildActionMask = 2147483647;
			files = (
				7BE7CD26F099CDE919DC4F2A /* Pods_Flix_Assignment1.framework in Frameworks */,
			);
			runOnlyForDeploymentPostprocessing = 0;
		};
		A212707727C8D07B00CBB3F2 /* Frameworks */ = {
			isa = PBXFrameworksBuildPhase;
			buildActionMask = 2147483647;
			files = (
				D9E82B8AE40E7711C4E45875 /* Pods_Flix_Assignment1Tests.framework in Frameworks */,
			);
			runOnlyForDeploymentPostprocessing = 0;
		};
		A212708127C8D07B00CBB3F2 /* Frameworks */ = {
			isa = PBXFrameworksBuildPhase;
			buildActionMask = 2147483647;
			files = (
				811A2A7C7732A919A60C9696 /* Pods_Flix_Assignment1_Flix_Assignment1UITests.framework in Frameworks */,
			);
			runOnlyForDeploymentPostprocessing = 0;
		};
/* End PBXFrameworksBuildPhase section */

/* Begin PBXGroup section */
		4456F79DC4F45A33B7874173 /* Pods */ = {
			isa = PBXGroup;
			children = (
				033FB30F2BE6569EF519ED56 /* Pods-Flix-Assignment1.debug.xcconfig */,
				BA18C49EB9FDEDAED27F1C45 /* Pods-Flix-Assignment1.release.xcconfig */,
				A4686918AD3BB74EC6AE0C3D /* Pods-Flix-Assignment1-Flix-Assignment1UITests.debug.xcconfig */,
				E27B40CBB32B9050910AF250 /* Pods-Flix-Assignment1-Flix-Assignment1UITests.release.xcconfig */,
				4C887307BA3B0B880C28EAFB /* Pods-Flix-Assignment1Tests.debug.xcconfig */,
				BD0CCA39E1093710085B839A /* Pods-Flix-Assignment1Tests.release.xcconfig */,
			);
			name = Pods;
			path = Pods;
			sourceTree = "<group>";
		};
		633293D6F460252880118C96 /* Frameworks */ = {
			isa = PBXGroup;
			children = (
				3F4765A2763452D2D64DFCD6 /* Pods_Flix_Assignment1.framework */,
				038F7554DD844824A7324072 /* Pods_Flix_Assignment1_Flix_Assignment1UITests.framework */,
				452E05796BC41AEA162195EA /* Pods_Flix_Assignment1Tests.framework */,
			);
			name = Frameworks;
			sourceTree = "<group>";
		};
		A212705B27C8D07800CBB3F2 = {
			isa = PBXGroup;
			children = (
				A212706627C8D07800CBB3F2 /* Flix-Assignment1 */,
				A212707D27C8D07B00CBB3F2 /* Flix-Assignment1Tests */,
				A212708727C8D07B00CBB3F2 /* Flix-Assignment1UITests */,
				A212706527C8D07800CBB3F2 /* Products */,
				4456F79DC4F45A33B7874173 /* Pods */,
				633293D6F460252880118C96 /* Frameworks */,
			);
			sourceTree = "<group>";
		};
		A212706527C8D07800CBB3F2 /* Products */ = {
			isa = PBXGroup;
			children = (
				A212706427C8D07800CBB3F2 /* Flix-Assignment1.app */,
				A212707A27C8D07B00CBB3F2 /* Flix-Assignment1Tests.xctest */,
				A212708427C8D07B00CBB3F2 /* Flix-Assignment1UITests.xctest */,
			);
			name = Products;
			sourceTree = "<group>";
		};
		A212706627C8D07800CBB3F2 /* Flix-Assignment1 */ = {
			isa = PBXGroup;
			children = (
				A212706727C8D07800CBB3F2 /* AppDelegate.swift */,
				A212706927C8D07800CBB3F2 /* SceneDelegate.swift */,
				A212706B27C8D07800CBB3F2 /* ViewController.swift */,
				A212706D27C8D07800CBB3F2 /* Main.storyboard */,
				A24B02C127C99ABF00D66A44 /* MovieCell.swift */,
				A212707027C8D07B00CBB3F2 /* Assets.xcassets */,
				A212707227C8D07B00CBB3F2 /* LaunchScreen.storyboard */,
				A212707527C8D07B00CBB3F2 /* Info.plist */,
				A24B02BF27C9927200D66A44 /* MoviesViewController.swift */,
			);
			path = "Flix-Assignment1";
			sourceTree = "<group>";
		};
		A212707D27C8D07B00CBB3F2 /* Flix-Assignment1Tests */ = {
			isa = PBXGroup;
			children = (
				A212707E27C8D07B00CBB3F2 /* Flix_Assignment1Tests.swift */,
			);
			path = "Flix-Assignment1Tests";
			sourceTree = "<group>";
		};
		A212708727C8D07B00CBB3F2 /* Flix-Assignment1UITests */ = {
			isa = PBXGroup;
			children = (
				A212708827C8D07B00CBB3F2 /* Flix_Assignment1UITests.swift */,
				A212708A27C8D07B00CBB3F2 /* Flix_Assignment1UITestsLaunchTests.swift */,
			);
			path = "Flix-Assignment1UITests";
			sourceTree = "<group>";
		};
/* End PBXGroup section */

/* Begin PBXNativeTarget section */
		A212706327C8D07800CBB3F2 /* Flix-Assignment1 */ = {
			isa = PBXNativeTarget;
			buildConfigurationList = A212708E27C8D07B00CBB3F2 /* Build configuration list for PBXNativeTarget "Flix-Assignment1" */;
			buildPhases = (
				924007740AAB66EC314FACEF /* [CP] Check Pods Manifest.lock */,
				A212706027C8D07800CBB3F2 /* Sources */,
				A212706127C8D07800CBB3F2 /* Frameworks */,
				A212706227C8D07800CBB3F2 /* Resources */,
				B9C64538474A298193421F34 /* [CP] Embed Pods Frameworks */,
			);
			buildRules = (
			);
			dependencies = (
			);
			name = "Flix-Assignment1";
			productName = "Flix-Assignment1";
			productReference = A212706427C8D07800CBB3F2 /* Flix-Assignment1.app */;
			productType = "com.apple.product-type.application";
		};
		A212707927C8D07B00CBB3F2 /* Flix-Assignment1Tests */ = {
			isa = PBXNativeTarget;
			buildConfigurationList = A212709127C8D07B00CBB3F2 /* Build configuration list for PBXNativeTarget "Flix-Assignment1Tests" */;
			buildPhases = (
				691FEFEB4532D403B4D95EC6 /* [CP] Check Pods Manifest.lock */,
				A212707627C8D07B00CBB3F2 /* Sources */,
				A212707727C8D07B00CBB3F2 /* Frameworks */,
				A212707827C8D07B00CBB3F2 /* Resources */,
			);
			buildRules = (
			);
			dependencies = (
				A212707C27C8D07B00CBB3F2 /* PBXTargetDependency */,
			);
			name = "Flix-Assignment1Tests";
			productName = "Flix-Assignment1Tests";
			productReference = A212707A27C8D07B00CBB3F2 /* Flix-Assignment1Tests.xctest */;
			productType = "com.apple.product-type.bundle.unit-test";
		};
		A212708327C8D07B00CBB3F2 /* Flix-Assignment1UITests */ = {
			isa = PBXNativeTarget;
			buildConfigurationList = A212709427C8D07B00CBB3F2 /* Build configuration list for PBXNativeTarget "Flix-Assignment1UITests" */;
			buildPhases = (
				F1B1FD792C53CC143EDC0860 /* [CP] Check Pods Manifest.lock */,
				A212708027C8D07B00CBB3F2 /* Sources */,
				A212708127C8D07B00CBB3F2 /* Frameworks */,
				A212708227C8D07B00CBB3F2 /* Resources */,
				54688861892BA0D1DFE1614D /* [CP] Embed Pods Frameworks */,
			);
			buildRules = (
			);
			dependencies = (
				A212708627C8D07B00CBB3F2 /* PBXTargetDependency */,
			);
			name = "Flix-Assignment1UITests";
			productName = "Flix-Assignment1UITests";
			productReference = A212708427C8D07B00CBB3F2 /* Flix-Assignment1UITests.xctest */;
			productType = "com.apple.product-type.bundle.ui-testing";
		};
/* End PBXNativeTarget section */

/* Begin PBXProject section */
		A212705C27C8D07800CBB3F2 /* Project object */ = {
			isa = PBXProject;
			attributes = {
				BuildIndependentTargetsInParallel = 1;
				LastSwiftUpdateCheck = 1310;
				LastUpgradeCheck = 1310;
				TargetAttributes = {
					A212706327C8D07800CBB3F2 = {
						CreatedOnToolsVersion = 13.1;
					};
					A212707927C8D07B00CBB3F2 = {
						CreatedOnToolsVersion = 13.1;
						TestTargetID = A212706327C8D07800CBB3F2;
					};
					A212708327C8D07B00CBB3F2 = {
						CreatedOnToolsVersion = 13.1;
						TestTargetID = A212706327C8D07800CBB3F2;
					};
				};
			};
			buildConfigurationList = A212705F27C8D07800CBB3F2 /* Build configuration list for PBXProject "Flix-Assignment1" */;
			compatibilityVersion = "Xcode 13.0";
			developmentRegion = en;
			hasScannedForEncodings = 0;
			knownRegions = (
				en,
				Base,
			);
			mainGroup = A212705B27C8D07800CBB3F2;
			productRefGroup = A212706527C8D07800CBB3F2 /* Products */;
			projectDirPath = "";
			projectRoot = "";
			targets = (
				A212706327C8D07800CBB3F2 /* Flix-Assignment1 */,
				A212707927C8D07B00CBB3F2 /* Flix-Assignment1Tests */,
				A212708327C8D07B00CBB3F2 /* Flix-Assignment1UITests */,
			);
		};
/* End PBXProject section */

/* Begin PBXResourcesBuildPhase section */
		A212706227C8D07800CBB3F2 /* Resources */ = {
			isa = PBXResourcesBuildPhase;
			buildActionMask = 2147483647;
			files = (
				A212707427C8D07B00CBB3F2 /* LaunchScreen.storyboard in Resources */,
				A212707127C8D07B00CBB3F2 /* Assets.xcassets in Resources */,
				A212706F27C8D07800CBB3F2 /* Main.storyboard in Resources */,
			);
			runOnlyForDeploymentPostprocessing = 0;
		};
		A212707827C8D07B00CBB3F2 /* Resources */ = {
			isa = PBXResourcesBuildPhase;
			buildActionMask = 2147483647;
			files = (
			);
			runOnlyForDeploymentPostprocessing = 0;
		};
		A212708227C8D07B00CBB3F2 /* Resources */ = {
			isa = PBXResourcesBuildPhase;
			buildActionMask = 2147483647;
			files = (
			);
			runOnlyForDeploymentPostprocessing = 0;
		};
/* End PBXResourcesBuildPhase section */

/* Begin PBXShellScriptBuildPhase section */
		54688861892BA0D1DFE1614D /* [CP] Embed Pods Frameworks */ = {
			isa = PBXShellScriptBuildPhase;
			buildActionMask = 2147483647;
			files = (
			);
			inputFileListPaths = (
				"${PODS_ROOT}/Target Support Files/Pods-Flix-Assignment1-Flix-Assignment1UITests/Pods-Flix-Assignment1-Flix-Assignment1UITests-frameworks-${CONFIGURATION}-input-files.xcfilelist",
			);
			name = "[CP] Embed Pods Frameworks";
			outputFileListPaths = (
				"${PODS_ROOT}/Target Support Files/Pods-Flix-Assignment1-Flix-Assignment1UITests/Pods-Flix-Assignment1-Flix-Assignment1UITests-frameworks-${CONFIGURATION}-output-files.xcfilelist",
			);
			runOnlyForDeploymentPostprocessing = 0;
			shellPath = /bin/sh;
			shellScript = "\"${PODS_ROOT}/Target Support Files/Pods-Flix-Assignment1-Flix-Assignment1UITests/Pods-Flix-Assignment1-Flix-Assignment1UITests-frameworks.sh\"\n";
			showEnvVarsInLog = 0;
		};
		691FEFEB4532D403B4D95EC6 /* [CP] Check Pods Manifest.lock */ = {
			isa = PBXShellScriptBuildPhase;
			buildActionMask = 2147483647;
			files = (
			);
			inputFileListPaths = (
			);
			inputPaths = (
				"${PODS_PODFILE_DIR_PATH}/Podfile.lock",
				"${PODS_ROOT}/Manifest.lock",
			);
			name = "[CP] Check Pods Manifest.lock";
			outputFileListPaths = (
			);
			outputPaths = (
				"$(DERIVED_FILE_DIR)/Pods-Flix-Assignment1Tests-checkManifestLockResult.txt",
			);
			runOnlyForDeploymentPostprocessing = 0;
			shellPath = /bin/sh;
			shellScript = "diff \"${PODS_PODFILE_DIR_PATH}/Podfile.lock\" \"${PODS_ROOT}/Manifest.lock\" > /dev/null\nif [ $? != 0 ] ; then\n    # print error to STDERR\n    echo \"error: The sandbox is not in sync with the Podfile.lock. Run 'pod install' or update your CocoaPods installation.\" >&2\n    exit 1\nfi\n# This output is used by Xcode 'outputs' to avoid re-running this script phase.\necho \"SUCCESS\" > \"${SCRIPT_OUTPUT_FILE_0}\"\n";
			showEnvVarsInLog = 0;
		};
		924007740AAB66EC314FACEF /* [CP] Check Pods Manifest.lock */ = {
			isa = PBXShellScriptBuildPhase;
			buildActionMask = 2147483647;
			files = (
			);
			inputFileListPaths = (
			);
			inputPaths = (
				"${PODS_PODFILE_DIR_PATH}/Podfile.lock",
				"${PODS_ROOT}/Manifest.lock",
			);
			name = "[CP] Check Pods Manifest.lock";
			outputFileListPaths = (
			);
			outputPaths = (
				"$(DERIVED_FILE_DIR)/Pods-Flix-Assignment1-checkManifestLockResult.txt",
			);
			runOnlyForDeploymentPostprocessing = 0;
			shellPath = /bin/sh;
			shellScript = "diff \"${PODS_PODFILE_DIR_PATH}/Podfile.lock\" \"${PODS_ROOT}/Manifest.lock\" > /dev/null\nif [ $? != 0 ] ; then\n    # print error to STDERR\n    echo \"error: The sandbox is not in sync with the Podfile.lock. Run 'pod install' or update your CocoaPods installation.\" >&2\n    exit 1\nfi\n# This output is used by Xcode 'outputs' to avoid re-running this script phase.\necho \"SUCCESS\" > \"${SCRIPT_OUTPUT_FILE_0}\"\n";
			showEnvVarsInLog = 0;
		};
		B9C64538474A298193421F34 /* [CP] Embed Pods Frameworks */ = {
			isa = PBXShellScriptBuildPhase;
			buildActionMask = 2147483647;
			files = (
			);
			inputFileListPaths = (
				"${PODS_ROOT}/Target Support Files/Pods-Flix-Assignment1/Pods-Flix-Assignment1-frameworks-${CONFIGURATION}-input-files.xcfilelist",
			);
			name = "[CP] Embed Pods Frameworks";
			outputFileListPaths = (
				"${PODS_ROOT}/Target Support Files/Pods-Flix-Assignment1/Pods-Flix-Assignment1-frameworks-${CONFIGURATION}-output-files.xcfilelist",
			);
			runOnlyForDeploymentPostprocessing = 0;
			shellPath = /bin/sh;
			shellScript = "\"${PODS_ROOT}/Target Support Files/Pods-Flix-Assignment1/Pods-Flix-Assignment1-frameworks.sh\"\n";
			showEnvVarsInLog = 0;
		};
		F1B1FD792C53CC143EDC0860 /* [CP] Check Pods Manifest.lock */ = {
			isa = PBXShellScriptBuildPhase;
			buildActionMask = 2147483647;
			files = (
			);
			inputFileListPaths = (
			);
			inputPaths = (
				"${PODS_PODFILE_DIR_PATH}/Podfile.lock",
				"${PODS_ROOT}/Manifest.lock",
			);
			name = "[CP] Check Pods Manifest.lock";
			outputFileListPaths = (
			);
			outputPaths = (
				"$(DERIVED_FILE_DIR)/Pods-Flix-Assignment1-Flix-Assignment1UITests-checkManifestLockResult.txt",
			);
			runOnlyForDeploymentPostprocessing = 0;
			shellPath = /bin/sh;
			shellScript = "diff \"${PODS_PODFILE_DIR_PATH}/Podfile.lock\" \"${PODS_ROOT}/Manifest.lock\" > /dev/null\nif [ $? != 0 ] ; then\n    # print error to STDERR\n    echo \"error: The sandbox is not in sync with the Podfile.lock. Run 'pod install' or update your CocoaPods installation.\" >&2\n    exit 1\nfi\n# This output is used by Xcode 'outputs' to avoid re-running this script phase.\necho \"SUCCESS\" > \"${SCRIPT_OUTPUT_FILE_0}\"\n";
			showEnvVarsInLog = 0;
		};
/* End PBXShellScriptBuildPhase section */

/* Begin PBXSourcesBuildPhase section */
		A212706027C8D07800CBB3F2 /* Sources */ = {
			isa = PBXSourcesBuildPhase;
			buildActionMask = 2147483647;
			files = (
				A212706C27C8D07800CBB3F2 /* ViewController.swift in Sources */,
				A212706827C8D07800CBB3F2 /* AppDelegate.swift in Sources */,
				A212706A27C8D07800CBB3F2 /* SceneDelegate.swift in Sources */,
				A24B02C227C99AC000D66A44 /* MovieCell.swift in Sources */,
				A24B02C027C9927200D66A44 /* MoviesViewController.swift in Sources */,
			);
			runOnlyForDeploymentPostprocessing = 0;
		};
		A212707627C8D07B00CBB3F2 /* Sources */ = {
			isa = PBXSourcesBuildPhase;
			buildActionMask = 2147483647;
			files = (
				A212707F27C8D07B00CBB3F2 /* Flix_Assignment1Tests.swift in Sources */,
			);
			runOnlyForDeploymentPostprocessing = 0;
		};
		A212708027C8D07B00CBB3F2 /* Sources */ = {
			isa = PBXSourcesBuildPhase;
			buildActionMask = 2147483647;
			files = (
				A212708B27C8D07B00CBB3F2 /* Flix_Assignment1UITestsLaunchTests.swift in Sources */,
				A212708927C8D07B00CBB3F2 /* Flix_Assignment1UITests.swift in Sources */,
			);
			runOnlyForDeploymentPostprocessing = 0;
		};
/* End PBXSourcesBuildPhase section */

/* Begin PBXTargetDependency section */
		A212707C27C8D07B00CBB3F2 /* PBXTargetDependency */ = {
			isa = PBXTargetDependency;
			target = A212706327C8D07800CBB3F2 /* Flix-Assignment1 */;
			targetProxy = A212707B27C8D07B00CBB3F2 /* PBXContainerItemProxy */;
		};
		A212708627C8D07B00CBB3F2 /* PBXTargetDependency */ = {
			isa = PBXTargetDependency;
			target = A212706327C8D07800CBB3F2 /* Flix-Assignment1 */;
			targetProxy = A212708527C8D07B00CBB3F2 /* PBXContainerItemProxy */;
		};
/* End PBXTargetDependency section */

/* Begin PBXVariantGroup section */
		A212706D27C8D07800CBB3F2 /* Main.storyboard */ = {
			isa = PBXVariantGroup;
			children = (
				A212706E27C8D07800CBB3F2 /* Base */,
			);
			name = Main.storyboard;
			sourceTree = "<group>";
		};
		A212707227C8D07B00CBB3F2 /* LaunchScreen.storyboard */ = {
			isa = PBXVariantGroup;
			children = (
				A212707327C8D07B00CBB3F2 /* Base */,
			);
			name = LaunchScreen.storyboard;
			sourceTree = "<group>";
		};
/* End PBXVariantGroup section */

/* Begin XCBuildConfiguration section */
		A212708C27C8D07B00CBB3F2 /* Debug */ = {
			isa = XCBuildConfiguration;
			buildSettings = {
				ALWAYS_SEARCH_USER_PATHS = NO;
				CLANG_ANALYZER_NONNULL = YES;
				CLANG_ANALYZER_NUMBER_OBJECT_CONVERSION = YES_AGGRESSIVE;
				CLANG_CXX_LANGUAGE_STANDARD = "gnu++17";
				CLANG_CXX_LIBRARY = "libc++";
				CLANG_ENABLE_MODULES = YES;
				CLANG_ENABLE_OBJC_ARC = YES;
				CLANG_ENABLE_OBJC_WEAK = YES;
				CLANG_WARN_BLOCK_CAPTURE_AUTORELEASING = YES;
				CLANG_WARN_BOOL_CONVERSION = YES;
				CLANG_WARN_COMMA = YES;
				CLANG_WARN_CONSTANT_CONVERSION = YES;
				CLANG_WARN_DEPRECATED_OBJC_IMPLEMENTATIONS = YES;
				CLANG_WARN_DIRECT_OBJC_ISA_USAGE = YES_ERROR;
				CLANG_WARN_DOCUMENTATION_COMMENTS = YES;
				CLANG_WARN_EMPTY_BODY = YES;
				CLANG_WARN_ENUM_CONVERSION = YES;
				CLANG_WARN_INFINITE_RECURSION = YES;
				CLANG_WARN_INT_CONVERSION = YES;
				CLANG_WARN_NON_LITERAL_NULL_CONVERSION = YES;
				CLANG_WARN_OBJC_IMPLICIT_RETAIN_SELF = YES;
				CLANG_WARN_OBJC_LITERAL_CONVERSION = YES;
				CLANG_WARN_OBJC_ROOT_CLASS = YES_ERROR;
				CLANG_WARN_QUOTED_INCLUDE_IN_FRAMEWORK_HEADER = YES;
				CLANG_WARN_RANGE_LOOP_ANALYSIS = YES;
				CLANG_WARN_STRICT_PROTOTYPES = YES;
				CLANG_WARN_SUSPICIOUS_MOVE = YES;
				CLANG_WARN_UNGUARDED_AVAILABILITY = YES_AGGRESSIVE;
				CLANG_WARN_UNREACHABLE_CODE = YES;
				CLANG_WARN__DUPLICATE_METHOD_MATCH = YES;
				COPY_PHASE_STRIP = NO;
				DEBUG_INFORMATION_FORMAT = dwarf;
				ENABLE_STRICT_OBJC_MSGSEND = YES;
				ENABLE_TESTABILITY = YES;
				GCC_C_LANGUAGE_STANDARD = gnu11;
				GCC_DYNAMIC_NO_PIC = NO;
				GCC_NO_COMMON_BLOCKS = YES;
				GCC_OPTIMIZATION_LEVEL = 0;
				GCC_PREPROCESSOR_DEFINITIONS = (
					"DEBUG=1",
					"$(inherited)",
				);
				GCC_WARN_64_TO_32_BIT_CONVERSION = YES;
				GCC_WARN_ABOUT_RETURN_TYPE = YES_ERROR;
				GCC_WARN_UNDECLARED_SELECTOR = YES;
				GCC_WARN_UNINITIALIZED_AUTOS = YES_AGGRESSIVE;
				GCC_WARN_UNUSED_FUNCTION = YES;
				GCC_WARN_UNUSED_VARIABLE = YES;
				IPHONEOS_DEPLOYMENT_TARGET = 15.0;
				MTL_ENABLE_DEBUG_INFO = INCLUDE_SOURCE;
				MTL_FAST_MATH = YES;
				ONLY_ACTIVE_ARCH = YES;
				SDKROOT = iphoneos;
				SWIFT_ACTIVE_COMPILATION_CONDITIONS = DEBUG;
				SWIFT_OPTIMIZATION_LEVEL = "-Onone";
			};
			name = Debug;
		};
		A212708D27C8D07B00CBB3F2 /* Release */ = {
			isa = XCBuildConfiguration;
			buildSettings = {
				ALWAYS_SEARCH_USER_PATHS = NO;
				CLANG_ANALYZER_NONNULL = YES;
				CLANG_ANALYZER_NUMBER_OBJECT_CONVERSION = YES_AGGRESSIVE;
				CLANG_CXX_LANGUAGE_STANDARD = "gnu++17";
				CLANG_CXX_LIBRARY = "libc++";
				CLANG_ENABLE_MODULES = YES;
				CLANG_ENABLE_OBJC_ARC = YES;
				CLANG_ENABLE_OBJC_WEAK = YES;
				CLANG_WARN_BLOCK_CAPTURE_AUTORELEASING = YES;
				CLANG_WARN_BOOL_CONVERSION = YES;
				CLANG_WARN_COMMA = YES;
				CLANG_WARN_CONSTANT_CONVERSION = YES;
				CLANG_WARN_DEPRECATED_OBJC_IMPLEMENTATIONS = YES;
				CLANG_WARN_DIRECT_OBJC_ISA_USAGE = YES_ERROR;
				CLANG_WARN_DOCUMENTATION_COMMENTS = YES;
				CLANG_WARN_EMPTY_BODY = YES;
				CLANG_WARN_ENUM_CONVERSION = YES;
				CLANG_WARN_INFINITE_RECURSION = YES;
				CLANG_WARN_INT_CONVERSION = YES;
				CLANG_WARN_NON_LITERAL_NULL_CONVERSION = YES;
				CLANG_WARN_OBJC_IMPLICIT_RETAIN_SELF = YES;
				CLANG_WARN_OBJC_LITERAL_CONVERSION = YES;
				CLANG_WARN_OBJC_ROOT_CLASS = YES_ERROR;
				CLANG_WARN_QUOTED_INCLUDE_IN_FRAMEWORK_HEADER = YES;
				CLANG_WARN_RANGE_LOOP_ANALYSIS = YES;
				CLANG_WARN_STRICT_PROTOTYPES = YES;
				CLANG_WARN_SUSPICIOUS_MOVE = YES;
				CLANG_WARN_UNGUARDED_AVAILABILITY = YES_AGGRESSIVE;
				CLANG_WARN_UNREACHABLE_CODE = YES;
				CLANG_WARN__DUPLICATE_METHOD_MATCH = YES;
				COPY_PHASE_STRIP = NO;
				DEBUG_INFORMATION_FORMAT = "dwarf-with-dsym";
				ENABLE_NS_ASSERTIONS = NO;
				ENABLE_STRICT_OBJC_MSGSEND = YES;
				GCC_C_LANGUAGE_STANDARD = gnu11;
				GCC_NO_COMMON_BLOCKS = YES;
				GCC_WARN_64_TO_32_BIT_CONVERSION = YES;
				GCC_WARN_ABOUT_RETURN_TYPE = YES_ERROR;
				GCC_WARN_UNDECLARED_SELECTOR = YES;
				GCC_WARN_UNINITIALIZED_AUTOS = YES_AGGRESSIVE;
				GCC_WARN_UNUSED_FUNCTION = YES;
				GCC_WARN_UNUSED_VARIABLE = YES;
				IPHONEOS_DEPLOYMENT_TARGET = 15.0;
				MTL_ENABLE_DEBUG_INFO = NO;
				MTL_FAST_MATH = YES;
				SDKROOT = iphoneos;
				SWIFT_COMPILATION_MODE = wholemodule;
				SWIFT_OPTIMIZATION_LEVEL = "-O";
				VALIDATE_PRODUCT = YES;
			};
			name = Release;
		};
		A212708F27C8D07B00CBB3F2 /* Debug */ = {
			isa = XCBuildConfiguration;
			baseConfigurationReference = 033FB30F2BE6569EF519ED56 /* Pods-Flix-Assignment1.debug.xcconfig */;
			buildSettings = {
				ASSETCATALOG_COMPILER_APPICON_NAME = AppIcon;
				ASSETCATALOG_COMPILER_GLOBAL_ACCENT_COLOR_NAME = AccentColor;
				CODE_SIGN_STYLE = Automatic;
				CURRENT_PROJECT_VERSION = 1;
				DEVELOPMENT_TEAM = TMRWNZU6KX;
				GENERATE_INFOPLIST_FILE = YES;
				INFOPLIST_FILE = "Flix-Assignment1/Info.plist";
				INFOPLIST_KEY_UIApplicationSupportsIndirectInputEvents = YES;
				INFOPLIST_KEY_UILaunchStoryboardName = LaunchScreen;
				INFOPLIST_KEY_UIMainStoryboardFile = Main;
				INFOPLIST_KEY_UISupportedInterfaceOrientations_iPad = "UIInterfaceOrientationPortrait UIInterfaceOrientationPortraitUpsideDown UIInterfaceOrientationLandscapeLeft UIInterfaceOrientationLandscapeRight";
				INFOPLIST_KEY_UISupportedInterfaceOrientations_iPhone = "UIInterfaceOrientationPortrait UIInterfaceOrientationLandscapeLeft UIInterfaceOrientationLandscapeRight";
				LD_RUNPATH_SEARCH_PATHS = (
					"$(inherited)",
					"@executable_path/Frameworks",
				);
				MARKETING_VERSION = 1.0;
				PRODUCT_BUNDLE_IDENTIFIER = "memo.com.Flix-Assignment1";
				PRODUCT_NAME = "$(TARGET_NAME)";
				SWIFT_EMIT_LOC_STRINGS = YES;
				SWIFT_VERSION = 5.0;
				TARGETED_DEVICE_FAMILY = "1,2";
			};
			name = Debug;
		};
		A212709027C8D07B00CBB3F2 /* Release */ = {
			isa = XCBuildConfiguration;
			baseConfigurationReference = BA18C49EB9FDEDAED27F1C45 /* Pods-Flix-Assignment1.release.xcconfig */;
			buildSettings = {
				ASSETCATALOG_COMPILER_APPICON_NAME = AppIcon;
				ASSETCATALOG_COMPILER_GLOBAL_ACCENT_COLOR_NAME = AccentColor;
				CODE_SIGN_STYLE = Automatic;
				CURRENT_PROJECT_VERSION = 1;
				DEVELOPMENT_TEAM = TMRWNZU6KX;
				GENERATE_INFOPLIST_FILE = YES;
				INFOPLIST_FILE = "Flix-Assignment1/Info.plist";
				INFOPLIST_KEY_UIApplicationSupportsIndirectInputEvents = YES;
				INFOPLIST_KEY_UILaunchStoryboardName = LaunchScreen;
				INFOPLIST_KEY_UIMainStoryboardFile = Main;
				INFOPLIST_KEY_UISupportedInterfaceOrientations_iPad = "UIInterfaceOrientationPortrait UIInterfaceOrientationPortraitUpsideDown UIInterfaceOrientationLandscapeLeft UIInterfaceOrientationLandscapeRight";
				INFOPLIST_KEY_UISupportedInterfaceOrientations_iPhone = "UIInterfaceOrientationPortrait UIInterfaceOrientationLandscapeLeft UIInterfaceOrientationLandscapeRight";
				LD_RUNPATH_SEARCH_PATHS = (
					"$(inherited)",
					"@executable_path/Frameworks",
				);
				MARKETING_VERSION = 1.0;
				PRODUCT_BUNDLE_IDENTIFIER = "memo.com.Flix-Assignment1";
				PRODUCT_NAME = "$(TARGET_NAME)";
				SWIFT_EMIT_LOC_STRINGS = YES;
				SWIFT_VERSION = 5.0;
				TARGETED_DEVICE_FAMILY = "1,2";
			};
			name = Release;
		};
		A212709227C8D07B00CBB3F2 /* Debug */ = {
			isa = XCBuildConfiguration;
			baseConfigurationReference = 4C887307BA3B0B880C28EAFB /* Pods-Flix-Assignment1Tests.debug.xcconfig */;
			buildSettings = {
				ALWAYS_EMBED_SWIFT_STANDARD_LIBRARIES = YES;
				BUNDLE_LOADER = "$(TEST_HOST)";
				CODE_SIGN_STYLE = Automatic;
				CURRENT_PROJECT_VERSION = 1;
				DEVELOPMENT_TEAM = TMRWNZU6KX;
				GENERATE_INFOPLIST_FILE = YES;
				IPHONEOS_DEPLOYMENT_TARGET = 15.0;
				LD_RUNPATH_SEARCH_PATHS = (
					"$(inherited)",
					"@executable_path/Frameworks",
					"@loader_path/Frameworks",
				);
				MARKETING_VERSION = 1.0;
				PRODUCT_BUNDLE_IDENTIFIER = "memo.com.Flix-Assignment1Tests";
				PRODUCT_NAME = "$(TARGET_NAME)";
				SWIFT_EMIT_LOC_STRINGS = NO;
				SWIFT_VERSION = 5.0;
				TARGETED_DEVICE_FAMILY = "1,2";
				TEST_HOST = "$(BUILT_PRODUCTS_DIR)/Flix-Assignment1.app/Flix-Assignment1";
			};
			name = Debug;
		};
		A212709327C8D07B00CBB3F2 /* Release */ = {
			isa = XCBuildConfiguration;
			baseConfigurationReference = BD0CCA39E1093710085B839A /* Pods-Flix-Assignment1Tests.release.xcconfig */;
			buildSettings = {
				ALWAYS_EMBED_SWIFT_STANDARD_LIBRARIES = YES;
				BUNDLE_LOADER = "$(TEST_HOST)";
				CODE_SIGN_STYLE = Automatic;
				CURRENT_PROJECT_VERSION = 1;
				DEVELOPMENT_TEAM = TMRWNZU6KX;
				GENERATE_INFOPLIST_FILE = YES;
				IPHONEOS_DEPLOYMENT_TARGET = 15.0;
				LD_RUNPATH_SEARCH_PATHS = (
					"$(inherited)",
					"@executable_path/Frameworks",
					"@loader_path/Frameworks",
				);
				MARKETING_VERSION = 1.0;
				PRODUCT_BUNDLE_IDENTIFIER = "memo.com.Flix-Assignment1Tests";
				PRODUCT_NAME = "$(TARGET_NAME)";
				SWIFT_EMIT_LOC_STRINGS = NO;
				SWIFT_VERSION = 5.0;
				TARGETED_DEVICE_FAMILY = "1,2";
				TEST_HOST = "$(BUILT_PRODUCTS_DIR)/Flix-Assignment1.app/Flix-Assignment1";
			};
			name = Release;
		};
		A212709527C8D07B00CBB3F2 /* Debug */ = {
			isa = XCBuildConfiguration;
			baseConfigurationReference = A4686918AD3BB74EC6AE0C3D /* Pods-Flix-Assignment1-Flix-Assignment1UITests.debug.xcconfig */;
			buildSettings = {
				ALWAYS_EMBED_SWIFT_STANDARD_LIBRARIES = YES;
				CODE_SIGN_STYLE = Automatic;
				CURRENT_PROJECT_VERSION = 1;
				DEVELOPMENT_TEAM = TMRWNZU6KX;
				GENERATE_INFOPLIST_FILE = YES;
				LD_RUNPATH_SEARCH_PATHS = (
					"$(inherited)",
					"@executable_path/Frameworks",
					"@loader_path/Frameworks",
				);
				MARKETING_VERSION = 1.0;
				PRODUCT_BUNDLE_IDENTIFIER = "memo.com.Flix-Assignment1UITests";
				PRODUCT_NAME = "$(TARGET_NAME)";
				SWIFT_EMIT_LOC_STRINGS = NO;
				SWIFT_VERSION = 5.0;
				TARGETED_DEVICE_FAMILY = "1,2";
				TEST_TARGET_NAME = "Flix-Assignment1";
			};
			name = Debug;
		};
		A212709627C8D07B00CBB3F2 /* Release */ = {
			isa = XCBuildConfiguration;
			baseConfigurationReference = E27B40CBB32B9050910AF250 /* Pods-Flix-Assignment1-Flix-Assignment1UITests.release.xcconfig */;
			buildSettings = {
				ALWAYS_EMBED_SWIFT_STANDARD_LIBRARIES = YES;
				CODE_SIGN_STYLE = Automatic;
				CURRENT_PROJECT_VERSION = 1;
				DEVELOPMENT_TEAM = TMRWNZU6KX;
				GENERATE_INFOPLIST_FILE = YES;
				LD_RUNPATH_SEARCH_PATHS = (
					"$(inherited)",
					"@executable_path/Frameworks",
					"@loader_path/Frameworks",
				);
				MARKETING_VERSION = 1.0;
				PRODUCT_BUNDLE_IDENTIFIER = "memo.com.Flix-Assignment1UITests";
				PRODUCT_NAME = "$(TARGET_NAME)";
				SWIFT_EMIT_LOC_STRINGS = NO;
				SWIFT_VERSION = 5.0;
				TARGETED_DEVICE_FAMILY = "1,2";
				TEST_TARGET_NAME = "Flix-Assignment1";
			};
			name = Release;
		};
/* End XCBuildConfiguration section */

/* Begin XCConfigurationList section */
		A212705F27C8D07800CBB3F2 /* Build configuration list for PBXProject "Flix-Assignment1" */ = {
			isa = XCConfigurationList;
			buildConfigurations = (
				A212708C27C8D07B00CBB3F2 /* Debug */,
				A212708D27C8D07B00CBB3F2 /* Release */,
			);
			defaultConfigurationIsVisible = 0;
			defaultConfigurationName = Release;
		};
		A212708E27C8D07B00CBB3F2 /* Build configuration list for PBXNativeTarget "Flix-Assignment1" */ = {
			isa = XCConfigurationList;
			buildConfigurations = (
				A212708F27C8D07B00CBB3F2 /* Debug */,
				A212709027C8D07B00CBB3F2 /* Release */,
			);
			defaultConfigurationIsVisible = 0;
			defaultConfigurationName = Release;
		};
		A212709127C8D07B00CBB3F2 /* Build configuration list for PBXNativeTarget "Flix-Assignment1Tests" */ = {
			isa = XCConfigurationList;
			buildConfigurations = (
				A212709227C8D07B00CBB3F2 /* Debug */,
				A212709327C8D07B00CBB3F2 /* Release */,
			);
			defaultConfigurationIsVisible = 0;
			defaultConfigurationName = Release;
		};
		A212709427C8D07B00CBB3F2 /* Build configuration list for PBXNativeTarget "Flix-Assignment1UITests" */ = {
			isa = XCConfigurationList;
			buildConfigurations = (
				A212709527C8D07B00CBB3F2 /* Debug */,
				A212709627C8D07B00CBB3F2 /* Release */,
			);
			defaultConfigurationIsVisible = 0;
			defaultConfigurationName = Release;
		};
/* End XCConfigurationList section */
	};
	rootObject = A212705C27C8D07800CBB3F2 /* Project object */;
}
